
Microsoft Visual Studio Solution File, Format Version 12.00
Project("{2150E333-8FDC-42A3-9474-1A3956D46DE8}") = "CommandSide", "CommandSide", "{5AF489A8-5FD8-410D-8AD1-CD4C28A2C701}"
EndProject
Project("{2150E333-8FDC-42A3-9474-1A3956D46DE8}") = "UiCommands", "UiCommands", "{0C6461DA-8098-40DA-A982-5BCBE4A0C8DF}"
EndProject
Project("{FAE04EC0-301F-11D3-BF4B-00C04F79EFBC}") = "DetectMachineStop", "CommandSide\UiCommands\DetectMachineStop\DetectMachineStop.csproj", "{A1830134-E600-4B5D-BCBC-E4FA43C5036A}"
EndProject
Project("{FAE04EC0-301F-11D3-BF4B-00C04F79EFBC}") = "Abstractions", "CommandSide\Abstractions\Abstractions.csproj", "{080C64F0-5DF0-42D6-B2AD-F22FDC5A990B}"
EndProject
Project("{FAE04EC0-301F-11D3-BF4B-00C04F79EFBC}") = "Infrastructure", "CommandSide\Infrastructure\Infrastructure.csproj", "{E397BE37-A67D-40E1-A437-DC6DB256FFF3}"
EndProject
Project("{FAE04EC0-301F-11D3-BF4B-00C04F79EFBC}") = "Shared", "Shared\Shared.csproj", "{618CFAB3-AAE1-4DFB-B3AB-0A1376E60143}"
EndProject
Project("{FAE04EC0-301F-11D3-BF4B-00C04F79EFBC}") = "WebApplication", "CommandSide\UiCommands\WebApplication\WebApplication.csproj", "{10490146-F8FD-42CB-B060-FC4767E87E91}"
EndProject
Project("{FAE04EC0-301F-11D3-BF4B-00C04F79EFBC}") = "WireUp", "CommandSide\UiCommands\WireUp\WireUp.csproj", "{0B9A9AB0-D9C6-4BDB-B164-D68BD8BE2C34}"
EndProject
Project("{FAE04EC0-301F-11D3-BF4B-00C04F79EFBC}") = "DetectMachineStart", "CommandSide\UiCommands\DetectMachineStart\DetectMachineStart.csproj", "{1F5D76C8-4BD2-4228-8F84-62FD1D0FA3E5}"
EndProject
Project("{2150E333-8FDC-42A3-9474-1A3956D46DE8}") = "Processors", "Processors", "{380022FD-4AD6-40D0-83E1-2637E5F0F1A4}"
EndProject
Project("{FAE04EC0-301F-11D3-BF4B-00C04F79EFBC}") = "CompleteMachineJob", "CommandSide\UiCommands\CompleteMachineJob\CompleteMachineJob.csproj", "{C3D4D0B8-795C-40D9-B2A3-9A951A0532B4}"
EndProject
Project("{FAE04EC0-301F-11D3-BF4B-00C04F79EFBC}") = "RequestNewMachineJob", "CommandSide\UiCommands\RequestNewMachineJob\RequestNewMachineJob.csproj", "{5D7D5704-4356-447D-9CE1-B87692A85B1B}"
EndProject
Project("{FAE04EC0-301F-11D3-BF4B-00C04F79EFBC}") = "MachineJobProcessor", "CommandSide\Processors\MachineJobProcessor\MachineJobProcessor.csproj", "{01BA0B64-D3E2-4641-9563-D24B861BB40E}"
EndProject
Global
	GlobalSection(SolutionConfigurationPlatforms) = preSolution
		Debug|Any CPU = Debug|Any CPU
		Release|Any CPU = Release|Any CPU
	EndGlobalSection
	GlobalSection(NestedProjects) = preSolution
		{0C6461DA-8098-40DA-A982-5BCBE4A0C8DF} = {5AF489A8-5FD8-410D-8AD1-CD4C28A2C701}
		{A1830134-E600-4B5D-BCBC-E4FA43C5036A} = {0C6461DA-8098-40DA-A982-5BCBE4A0C8DF}
		{080C64F0-5DF0-42D6-B2AD-F22FDC5A990B} = {5AF489A8-5FD8-410D-8AD1-CD4C28A2C701}
		{E397BE37-A67D-40E1-A437-DC6DB256FFF3} = {5AF489A8-5FD8-410D-8AD1-CD4C28A2C701}
		{1F5D76C8-4BD2-4228-8F84-62FD1D0FA3E5} = {0C6461DA-8098-40DA-A982-5BCBE4A0C8DF}
		{380022FD-4AD6-40D0-83E1-2637E5F0F1A4} = {5AF489A8-5FD8-410D-8AD1-CD4C28A2C701}
		{C3D4D0B8-795C-40D9-B2A3-9A951A0532B4} = {0C6461DA-8098-40DA-A982-5BCBE4A0C8DF}
		{5D7D5704-4356-447D-9CE1-B87692A85B1B} = {0C6461DA-8098-40DA-A982-5BCBE4A0C8DF}
		{0B9A9AB0-D9C6-4BDB-B164-D68BD8BE2C34} = {0C6461DA-8098-40DA-A982-5BCBE4A0C8DF}
		{10490146-F8FD-42CB-B060-FC4767E87E91} = {0C6461DA-8098-40DA-A982-5BCBE4A0C8DF}
		{01BA0B64-D3E2-4641-9563-D24B861BB40E} = {380022FD-4AD6-40D0-83E1-2637E5F0F1A4}
	EndGlobalSection
	GlobalSection(ProjectConfigurationPlatforms) = postSolution
		{A1830134-E600-4B5D-BCBC-E4FA43C5036A}.Debug|Any CPU.ActiveCfg = Debug|Any CPU
		{A1830134-E600-4B5D-BCBC-E4FA43C5036A}.Debug|Any CPU.Build.0 = Debug|Any CPU
		{A1830134-E600-4B5D-BCBC-E4FA43C5036A}.Release|Any CPU.ActiveCfg = Release|Any CPU
		{A1830134-E600-4B5D-BCBC-E4FA43C5036A}.Release|Any CPU.Build.0 = Release|Any CPU
		{080C64F0-5DF0-42D6-B2AD-F22FDC5A990B}.Debug|Any CPU.ActiveCfg = Debug|Any CPU
		{080C64F0-5DF0-42D6-B2AD-F22FDC5A990B}.Debug|Any CPU.Build.0 = Debug|Any CPU
		{080C64F0-5DF0-42D6-B2AD-F22FDC5A990B}.Release|Any CPU.ActiveCfg = Release|Any CPU
		{080C64F0-5DF0-42D6-B2AD-F22FDC5A990B}.Release|Any CPU.Build.0 = Release|Any CPU
		{E397BE37-A67D-40E1-A437-DC6DB256FFF3}.Debug|Any CPU.ActiveCfg = Debug|Any CPU
		{E397BE37-A67D-40E1-A437-DC6DB256FFF3}.Debug|Any CPU.Build.0 = Debug|Any CPU
		{E397BE37-A67D-40E1-A437-DC6DB256FFF3}.Release|Any CPU.ActiveCfg = Release|Any CPU
		{E397BE37-A67D-40E1-A437-DC6DB256FFF3}.Release|Any CPU.Build.0 = Release|Any CPU
		{618CFAB3-AAE1-4DFB-B3AB-0A1376E60143}.Debug|Any CPU.ActiveCfg = Debug|Any CPU
		{618CFAB3-AAE1-4DFB-B3AB-0A1376E60143}.Debug|Any CPU.Build.0 = Debug|Any CPU
		{618CFAB3-AAE1-4DFB-B3AB-0A1376E60143}.Release|Any CPU.ActiveCfg = Release|Any CPU
		{618CFAB3-AAE1-4DFB-B3AB-0A1376E60143}.Release|Any CPU.Build.0 = Release|Any CPU
		{10490146-F8FD-42CB-B060-FC4767E87E91}.Debug|Any CPU.ActiveCfg = Debug|Any CPU
		{10490146-F8FD-42CB-B060-FC4767E87E91}.Debug|Any CPU.Build.0 = Debug|Any CPU
		{10490146-F8FD-42CB-B060-FC4767E87E91}.Release|Any CPU.ActiveCfg = Release|Any CPU
		{10490146-F8FD-42CB-B060-FC4767E87E91}.Release|Any CPU.Build.0 = Release|Any CPU
		{0B9A9AB0-D9C6-4BDB-B164-D68BD8BE2C34}.Debug|Any CPU.ActiveCfg = Debug|Any CPU
		{0B9A9AB0-D9C6-4BDB-B164-D68BD8BE2C34}.Debug|Any CPU.Build.0 = Debug|Any CPU
		{0B9A9AB0-D9C6-4BDB-B164-D68BD8BE2C34}.Release|Any CPU.ActiveCfg = Release|Any CPU
		{0B9A9AB0-D9C6-4BDB-B164-D68BD8BE2C34}.Release|Any CPU.Build.0 = Release|Any CPU
		{1F5D76C8-4BD2-4228-8F84-62FD1D0FA3E5}.Debug|Any CPU.ActiveCfg = Debug|Any CPU
		{1F5D76C8-4BD2-4228-8F84-62FD1D0FA3E5}.Debug|Any CPU.Build.0 = Debug|Any CPU
		{1F5D76C8-4BD2-4228-8F84-62FD1D0FA3E5}.Release|Any CPU.ActiveCfg = Release|Any CPU
		{1F5D76C8-4BD2-4228-8F84-62FD1D0FA3E5}.Release|Any CPU.Build.0 = Release|Any CPU
		{C3D4D0B8-795C-40D9-B2A3-9A951A0532B4}.Debug|Any CPU.ActiveCfg = Debug|Any CPU
		{C3D4D0B8-795C-40D9-B2A3-9A951A0532B4}.Debug|Any CPU.Build.0 = Debug|Any CPU
		{C3D4D0B8-795C-40D9-B2A3-9A951A0532B4}.Release|Any CPU.ActiveCfg = Release|Any CPU
		{C3D4D0B8-795C-40D9-B2A3-9A951A0532B4}.Release|Any CPU.Build.0 = Release|Any CPU
		{5D7D5704-4356-447D-9CE1-B87692A85B1B}.Debug|Any CPU.ActiveCfg = Debug|Any CPU
		{5D7D5704-4356-447D-9CE1-B87692A85B1B}.Debug|Any CPU.Build.0 = Debug|Any CPU
		{5D7D5704-4356-447D-9CE1-B87692A85B1B}.Release|Any CPU.ActiveCfg = Release|Any CPU
		{5D7D5704-4356-447D-9CE1-B87692A85B1B}.Release|Any CPU.Build.0 = Release|Any CPU
		{01BA0B64-D3E2-4641-9563-D24B861BB40E}.Debug|Any CPU.ActiveCfg = Debug|Any CPU
		{01BA0B64-D3E2-4641-9563-D24B861BB40E}.Debug|Any CPU.Build.0 = Debug|Any CPU
		{01BA0B64-D3E2-4641-9563-D24B861BB40E}.Release|Any CPU.ActiveCfg = Release|Any CPU
		{01BA0B64-D3E2-4641-9563-D24B861BB40E}.Release|Any CPU.Build.0 = Release|Any CPU
	EndGlobalSection
EndGlobal
